# This file is generated by running "yarn install" inside your project.
# Manual changes might be lost - proceed with caution!

__metadata:
  version: 4
  cacheKey: 8

"@sindresorhus/tsconfig@npm:^2.0.0":
  version: 2.0.0
  resolution: "@sindresorhus/tsconfig@npm:2.0.0"
  checksum: fea48f9b1e139e532b400c9efd8db10ac1c9fd6d750edce04b3f7f17c1f9ae868afe496d9937ebcf8bc5ecbeb83263166b5b5fa1ad699249424f2e2704d5bfe0
  languageName: node
  linkType: hard

"@types/prop-types@npm:*":
  version: 15.7.4
  resolution: "@types/prop-types@npm:15.7.4"
  checksum: ef6e1899e59b876c273811b1bd845022fc66d5a3d11cb38a25b6c566b30514ae38fe20a40f67622f362a4f4f7f9224e22d8da101cff3d6e97e11d7b4c307cfc1
  languageName: node
  linkType: hard

"@types/react@npm:^17.0.3":
  version: 17.0.27
  resolution: "@types/react@npm:17.0.27"
  dependencies:
    "@types/prop-types": "*"
    "@types/scheduler": "*"
    csstype: ^3.0.2
  checksum: 3a1147d963c16dc9bbea5afb20c4be94f2389cf4eca4c5fbe9b02f3406bd9957602c0459ea017c95f8c3d523221f572e8bd842f94654835776d4c2923357f9dc
  languageName: node
  linkType: hard

"@types/scheduler@npm:*":
  version: 0.16.2
  resolution: "@types/scheduler@npm:0.16.2"
  checksum: b6b4dcfeae6deba2e06a70941860fb1435730576d3689225a421280b7742318d1548b3d22c1f66ab68e414f346a9542f29240bc955b6332c5b11e561077583bc
  languageName: node
  linkType: hard

"@yarnpkg/esbuild-plugin-pnp@npm:^2.0.0-rc.1":
  version: 2.0.0-rc.1
  resolution: "@yarnpkg/esbuild-plugin-pnp@npm:2.0.0-rc.1"
  dependencies:
    tslib: ^1.13.0
  peerDependencies:
    esbuild: ">=0.10.0"
  bin:
    esbuild-plugin-pnp: ./lib/cli.js
  checksum: acdf505aace3c04172386f8a67c4eb066a74e74fd33adb78028b3aa490965d9fb737b7f76d154e3061a6457a3769ec80afe31101c16d8be354a3daf277da2f73
  languageName: node
  linkType: hard

"cherry@workspace:.":
  version: 0.0.0-use.local
  resolution: "cherry@workspace:."
  dependencies:
    "@sindresorhus/tsconfig": ^2.0.0
    "@yarnpkg/esbuild-plugin-pnp": ^2.0.0-rc.1
    dom-chef: ^5.0.0
    doma: ^3.0.1
    element-ready: ^4.1.1
    esbuild: ^0.13.3
    selector-observer: ^2.1.6
    typescript: ^4.4.3
  languageName: unknown
  linkType: soft

"csstype@npm:^3.0.2":
  version: 3.0.9
  resolution: "csstype@npm:3.0.9"
  checksum: 199f9af7e673f9f188525c3102a329d637ff46c52f6385a4427ff5cb17adcb736189150170a7af7c5701d18d7704bdad130273f4aa7e44c6c4f9967e6115dc93
  languageName: node
  linkType: hard

"dom-chef@npm:^5.0.0":
  version: 5.0.0
  resolution: "dom-chef@npm:5.0.0"
  dependencies:
    "@types/react": ^17.0.3
  checksum: 47731b48affe4df43d0b80d87edfc76f0d3f64decc6d98f6420d5a127435ab1f76681c172f5e1099a69b702cd08cb7da58a178f88d0850f6ffbe960f1f2f062d
  languageName: node
  linkType: hard

"doma@npm:^3.0.1":
  version: 3.0.1
  resolution: "doma@npm:3.0.1"
  checksum: 54fe18e601ef568ea234991e527c4f47ad25f74c90fbe3779c78200c2ea9073df864cca82f4c6b8c0a0cb7ba678e1a650fc51622396214f0d303c560331c6f06
  languageName: node
  linkType: hard

"element-ready@npm:^4.1.1":
  version: 4.1.1
  resolution: "element-ready@npm:4.1.1"
  dependencies:
    many-keys-map: ^1.0.1
    p-defer: ^3.0.0
  checksum: d687eba1c88c0f0ebdf2724e8467061783ea95c3f96b7f69f4e9e3e4386b1b2d5303473f711ee33b7d23cb1dce359d08faf1db41cd1cd9ec9f3f9ba00462d398
  languageName: node
  linkType: hard

"esbuild-android-arm64@npm:0.13.3":
  version: 0.13.3
  resolution: "esbuild-android-arm64@npm:0.13.3"
  checksum: eab55107a015d1f93f8226d7427bdad89279701c56bfce1f1aa03cd1fb55e6941b7255d5d59db486bd0672b0c58398233df63b053720308652c715214722ec49
  languageName: node
  linkType: hard

"esbuild-darwin-64@npm:0.13.3":
  version: 0.13.3
  resolution: "esbuild-darwin-64@npm:0.13.3"
  checksum: 3d1777eddf6051b6cf2ac6b504365ad6850d36718e8871a4a75cb39b5274485876d9914d51d13134be680e90ae303a29b82b651f70cc31891ec71b93f33eee52
  languageName: node
  linkType: hard

"esbuild-darwin-arm64@npm:0.13.3":
  version: 0.13.3
  resolution: "esbuild-darwin-arm64@npm:0.13.3"
  checksum: 6d7134e8c29a0d19e013bc497ca298bb5541f5ab3e5654a44d2de3c9c412f7b3e2b8cd8c1563fd1300e0c6dc4879e475ec683536dab82f92d29c307678664c45
  languageName: node
  linkType: hard

"esbuild-freebsd-64@npm:0.13.3":
  version: 0.13.3
  resolution: "esbuild-freebsd-64@npm:0.13.3"
  checksum: 8e0c1f96c26c39095c94dd3fded250ef6af3b555a1246ca2b441f2b13cefd2cd1a0b153a27bc27f246a1cf2516ed9609b12f723baaf9db9ce7efdca437f30009
  languageName: node
  linkType: hard

"esbuild-freebsd-arm64@npm:0.13.3":
  version: 0.13.3
  resolution: "esbuild-freebsd-arm64@npm:0.13.3"
  checksum: 7b511a70a1f4fbac1f70c5a3473db9cbf420ef795c62820d1135954c5252f550b443dac402170c51d9af68151c726104f25b02ae7689caf375767f578b1a1e39
  languageName: node
  linkType: hard

"esbuild-linux-32@npm:0.13.3":
  version: 0.13.3
  resolution: "esbuild-linux-32@npm:0.13.3"
  checksum: cffab3f705c96b7c024278a3704681bb4583dd7e99aac1227aaaf8ab80882c5465a695c297ef0d9e356c3292390061c22ab389c59e2b93622388a03e2ad6309e
  languageName: node
  linkType: hard

"esbuild-linux-64@npm:0.13.3":
  version: 0.13.3
  resolution: "esbuild-linux-64@npm:0.13.3"
  checksum: eda01dc7fdce211dce56abaae20efaeaa727586b8c01cf019bd0a1f81394cb8bf19870c373c0535bba2a3d72a67b2dfb58baadaac9bbfe7642d3398600a3bb05
  languageName: node
  linkType: hard

"esbuild-linux-arm64@npm:0.13.3":
  version: 0.13.3
  resolution: "esbuild-linux-arm64@npm:0.13.3"
  checksum: 2d4d9f1ce421296280777d136b65a34c732f2f276fd47401e283203a8cb99db398923c3835ad753ad147a2ff1c325313011495dfdee2ba9cd2c33ef078c9f2e3
  languageName: node
  linkType: hard

"esbuild-linux-arm@npm:0.13.3":
  version: 0.13.3
  resolution: "esbuild-linux-arm@npm:0.13.3"
  checksum: 65cc05f88ece7c6fd9beccfd73b9f39d15779045483670d23d0c47a048668bb0a33aea2086e5187f73700c46a780b4794a6fae1c7f5196c7b89c0d01bad85855
  languageName: node
  linkType: hard

"esbuild-linux-mips64le@npm:0.13.3":
  version: 0.13.3
  resolution: "esbuild-linux-mips64le@npm:0.13.3"
  checksum: 9affa997e3f09d808a0272fce39901c7b111494382900ca9664df021f9f086fd719ce6db360dc652fe59875c05667a0037cfb36ee300f399b29bd025e4d24b6f
  languageName: node
  linkType: hard

"esbuild-linux-ppc64le@npm:0.13.3":
  version: 0.13.3
  resolution: "esbuild-linux-ppc64le@npm:0.13.3"
  checksum: d0a8af07a79d31c38f6da4796b9b2e877501bdf958b3fc4e4ac488c418f31708216646c8d0950ad8f33732c69e339f3d637cf9f7e72270f81c8cebe45120b84d
  languageName: node
  linkType: hard

"esbuild-openbsd-64@npm:0.13.3":
  version: 0.13.3
  resolution: "esbuild-openbsd-64@npm:0.13.3"
  checksum: 63e84ddae9971b2b748f6cbcaf68eca1d41b480065c64017f988cd02543606165d18a7c2e4bc3ba77469d57221bb9889f663ffcb45bbdd805e96e412ea284072
  languageName: node
  linkType: hard

"esbuild-sunos-64@npm:0.13.3":
  version: 0.13.3
  resolution: "esbuild-sunos-64@npm:0.13.3"
  checksum: c0fd3d69128d0936436d75f458b43229134f2c984adf33584ec5eeae89b80be610627eec053cd22cb9db7197b0cb98f9356dd8199e6de838828e28d27a78d123
  languageName: node
  linkType: hard

"esbuild-windows-32@npm:0.13.3":
  version: 0.13.3
  resolution: "esbuild-windows-32@npm:0.13.3"
  checksum: 47830268938ad3810e97485478e935ef5117f58c91b1bdb3720ae3903dfc47c3377f53c125565d4376964904e4ed530895f2f43002c199d5060c7120fc42604d
  languageName: node
  linkType: hard

"esbuild-windows-64@npm:0.13.3":
  version: 0.13.3
  resolution: "esbuild-windows-64@npm:0.13.3"
  checksum: 8fdced50665fe3536c2907197145a4ff4290e2243f627ce326a73a7d11c9dc431fd03035fb95e45ede4440fab47beae6ce034047966a755de7f15da2717c065b
  languageName: node
  linkType: hard

"esbuild-windows-arm64@npm:0.13.3":
  version: 0.13.3
  resolution: "esbuild-windows-arm64@npm:0.13.3"
  checksum: 7a2e92975149d39c34bac0589c18437dec19fa3a50fa7ddc986d9180c20fb1b6ba0d93da3a742a48217fd54856b0424af69411a6b19b3f848d43b3bdf68eb3c2
  languageName: node
  linkType: hard

"esbuild@npm:^0.13.3":
  version: 0.13.3
  resolution: "esbuild@npm:0.13.3"
  dependencies:
    esbuild-android-arm64: 0.13.3
    esbuild-darwin-64: 0.13.3
    esbuild-darwin-arm64: 0.13.3
    esbuild-freebsd-64: 0.13.3
    esbuild-freebsd-arm64: 0.13.3
    esbuild-linux-32: 0.13.3
    esbuild-linux-64: 0.13.3
    esbuild-linux-arm: 0.13.3
    esbuild-linux-arm64: 0.13.3
    esbuild-linux-mips64le: 0.13.3
    esbuild-linux-ppc64le: 0.13.3
    esbuild-openbsd-64: 0.13.3
    esbuild-sunos-64: 0.13.3
    esbuild-windows-32: 0.13.3
    esbuild-windows-64: 0.13.3
    esbuild-windows-arm64: 0.13.3
  dependenciesMeta:
    esbuild-android-arm64:
      optional: true
    esbuild-darwin-64:
      optional: true
    esbuild-darwin-arm64:
      optional: true
    esbuild-freebsd-64:
      optional: true
    esbuild-freebsd-arm64:
      optional: true
    esbuild-linux-32:
      optional: true
    esbuild-linux-64:
      optional: true
    esbuild-linux-arm:
      optional: true
    esbuild-linux-arm64:
      optional: true
    esbuild-linux-mips64le:
      optional: true
    esbuild-linux-ppc64le:
      optional: true
    esbuild-openbsd-64:
      optional: true
    esbuild-sunos-64:
      optional: true
    esbuild-windows-32:
      optional: true
    esbuild-windows-64:
      optional: true
    esbuild-windows-arm64:
      optional: true
  bin:
    esbuild: bin/esbuild
  checksum: b875f7fc5d696313e00d3ed1d09fc3934619f6ec02038b72f3ce3fc6ab2fe8bd380e2c24efafd00ac4d183ae35cc54e2a75a1c7a166a14e3fb10ef22d72513d0
  languageName: node
  linkType: hard

"many-keys-map@npm:^1.0.1":
  version: 1.0.3
  resolution: "many-keys-map@npm:1.0.3"
  checksum: e75f2c1f50f87a252f9978788b0a0db6b0ee1dfe8f37489fae4e11c468d12fa6385e756ed11b3c59af3dff7bdad0e4e3a363063edaa597df42edaa5865e676a1
  languageName: node
  linkType: hard

"p-defer@npm:^3.0.0":
  version: 3.0.0
  resolution: "p-defer@npm:3.0.0"
  checksum: ac3b0976a1c76b67cca1a34e00f7299b0cc230891f820749686aa84f8947326bbe0f8e3b7d9ca511578ee06f0c1a6e0ff68c8e9c325eac455f09d99f91697161
  languageName: node
  linkType: hard

"selector-observer@npm:^2.1.6":
  version: 2.1.6
  resolution: "selector-observer@npm:2.1.6"
  dependencies:
    selector-set: ^1.1
  checksum: 182ef15c6541639b0962ff99d5b33c6ca8e0c89bcbfbd0c3edd88b144a646ea11718939b08718ed6c3018ab757f79d8e465cf94c23d8eadbb41e48341bf08574
  languageName: node
  linkType: hard

"selector-set@npm:^1.1":
  version: 1.1.5
  resolution: "selector-set@npm:1.1.5"
  checksum: 025d3f8b98a6a43730ef39a00e2f3f5f478eb75fd783667e8ddd1066c6fd24c510c03bc104c4b15180ba037f8ef300918b929eb3a207f61b6592a75234fd6097
  languageName: node
  linkType: hard

"tslib@npm:^1.13.0":
  version: 1.14.1
  resolution: "tslib@npm:1.14.1"
  checksum: dbe628ef87f66691d5d2959b3e41b9ca0045c3ee3c7c7b906cc1e328b39f199bb1ad9e671c39025bd56122ac57dfbf7385a94843b1cc07c60a4db74795829acd
  languageName: node
  linkType: hard

typescript@^4.4.3:
  version: 4.4.3
  resolution: "typescript@npm:4.4.3"
  bin:
    tsc: bin/tsc
    tsserver: bin/tsserver
  checksum: 05823f21796d450531a7e4ab299715d38fd9ded0e4ce7400876053f4b5166ca3dde7a68cecfe72d9086039f03c0b6edba36516fb10ed83c5837d9600532ea4c2
  languageName: node
  linkType: hard

"typescript@patch:typescript@^4.4.3#~builtin<compat/typescript>":
  version: 4.4.3
  resolution: "typescript@patch:typescript@npm%3A4.4.3#~builtin<compat/typescript>::version=4.4.3&hash=32657b"
  bin:
    tsc: bin/tsc
    tsserver: bin/tsserver
  checksum: 28ab98313afab46788ff41014fdb5932430ada6e03cf9e92ac47f406526a2cac1ae2894834e7da61e46b7429318e9c47f45ba8de323332f0cb9af99b72ebae74
  languageName: node
  linkType: hard
